
Microsoft Visual Studio Solution File, Format Version 12.00
# Visual Studio Version 16
VisualStudioVersion = 16.0.30717.126
MinimumVisualStudioVersion = 10.0.40219.1
Project("{FAE04EC0-301F-11D3-BF4B-00C04F79EFBC}") = "NeoCircuitDiagram", "NeoCircuitDiagram\NeoCircuitDiagram.csproj", "{F7B191B8-E3EF-48AF-AC30-F5516E5517D6}"
EndProject
Global
	GlobalSection(SolutionConfigurationPlatforms) = preSolution
		Debug|Any CPU = Debug|Any CPU
		Release|Any CPU = Release|Any CPU
	EndGlobalSection
	GlobalSection(ProjectConfigurationPlatforms) = postSolution
		{F7B191B8-E3EF-48AF-AC30-F5516E5517D6}.Debug|Any CPU.ActiveCfg = Debug|Any CPU
		{F7B191B8-E3EF-48AF-AC30-F5516E5517D6}.Debug|Any CPU.Build.0 = Debug|Any CPU
		{F7B191B8-E3EF-48AF-AC30-F5516E5517D6}.Release|Any CPU.ActiveCfg = Release|Any CPU
		{F7B191B8-E3EF-48AF-AC30-F5516E5517D6}.Release|Any CPU.Build.0 = Release|Any CPU
	EndGlobalSection
	GlobalSection(SolutionProperties) = preSolution
		HideSolutionNode = FALSE
	EndGlobalSection
	GlobalSection(ExtensibilityGlobals) = postSolution
		SolutionGuid = {53FE50A8-1D64-4317-AFB4-4100C36D1F88}
	EndGlobalSection
EndGlobal
